<Solution>
  <Folder Name="/Solution Items/" />
  <Project Path="PetCare.API/PetCare.API.csproj" Id="bc82536c-11b8-4a5e-a207-fb739fb740de" />
  <Project Path="PetCare.MAUI/PetCare.MAUI.csproj" Id="24529c42-4408-476e-87fb-7e3c55c5e709">
    <Deploy />
  </Project>
  <Project Path="PetCare.Shared/PetCare.Shared.csproj" />
</Solution>
